
Microsoft Visual Studio Solution File, Format Version 12.00
# Visual Studio Version 17
VisualStudioVersion = 17.4.33403.182
MinimumVisualStudioVersion = 10.0.40219.1
Project("{FAE04EC0-301F-11D3-BF4B-00C04F79EFBC}") = "TodoApp", "TodoApp\TodoApp.csproj", "{9E6560DC-5A45-4197-96C6-FFCCB0FE2014}"
EndProject
Global
	GlobalSection(SolutionConfigurationPlatforms) = preSolution
		Debug|Any CPU = Debug|Any CPU
		Release|Any CPU = Release|Any CPU
	EndGlobalSection
	GlobalSection(ProjectConfigurationPlatforms) = postSolution
		{9E6560DC-5A45-4197-96C6-FFCCB0FE2014}.Debug|Any CPU.ActiveCfg = Debug|Any CPU
		{9E6560DC-5A45-4197-96C6-FFCCB0FE2014}.Debug|Any CPU.Build.0 = Debug|Any CPU
		{9E6560DC-5A45-4197-96C6-FFCCB0FE2014}.Release|Any CPU.ActiveCfg = Release|Any CPU
		{9E6560DC-5A45-4197-96C6-FFCCB0FE2014}.Release|Any CPU.Build.0 = Release|Any CPU
	EndGlobalSection
	GlobalSection(SolutionProperties) = preSolution
		HideSolutionNode = FALSE
	EndGlobalSection
	GlobalSection(ExtensibilityGlobals) = postSolution
		SolutionGuid = {0FB6EE2D-0A23-4DBA-96E6-B8F0B7C54C95}
	EndGlobalSection
EndGlobal
